
Microsoft Visual Studio Solution File, Format Version 12.00
# Visual Studio Version 16
VisualStudioVersion = 16.0.31025.194
MinimumVisualStudioVersion = 10.0.40219.1
Project("{FAE04EC0-301F-11D3-BF4B-00C04F79EFBC}") = "PrimeFactors", "PrimeFactors\PrimeFactors.csproj", "{1100BE89-E61F-4258-8E3A-398925E23EA3}"
EndProject
Global
	GlobalSection(SolutionConfigurationPlatforms) = preSolution
		Debug|Any CPU = Debug|Any CPU
		Release|Any CPU = Release|Any CPU
	EndGlobalSection
	GlobalSection(ProjectConfigurationPlatforms) = postSolution
		{1100BE89-E61F-4258-8E3A-398925E23EA3}.Debug|Any CPU.ActiveCfg = Debug|Any CPU
		{1100BE89-E61F-4258-8E3A-398925E23EA3}.Debug|Any CPU.Build.0 = Debug|Any CPU
		{1100BE89-E61F-4258-8E3A-398925E23EA3}.Release|Any CPU.ActiveCfg = Release|Any CPU
		{1100BE89-E61F-4258-8E3A-398925E23EA3}.Release|Any CPU.Build.0 = Release|Any CPU
	EndGlobalSection
	GlobalSection(SolutionProperties) = preSolution
		HideSolutionNode = FALSE
	EndGlobalSection
	GlobalSection(ExtensibilityGlobals) = postSolution
		SolutionGuid = {791403E5-CFA2-4F13-A5E5-33CBE5E83128}
	EndGlobalSection
EndGlobal
